
Microsoft Visual Studio Solution File, Format Version 12.00
# Visual Studio Version 17
VisualStudioVersion = 17.4.33122.133
MinimumVisualStudioVersion = 10.0.40219.1
Project("{9A19103F-16F7-4668-BE54-9A1E7A4F7556}") = "SuperInjector", "SuperInjector\SuperInjector.csproj", "{D3C79286-569B-4344-AD16-5D397F8DEC97}"
EndProject
Project("{9A19103F-16F7-4668-BE54-9A1E7A4F7556}") = "SuperInjector.Console", "SuperInjector.Console\SuperInjector.Console.csproj", "{730F95F8-CEE3-413F-BFE2-46F156C3C279}"
EndProject
Project("{9A19103F-16F7-4668-BE54-9A1E7A4F7556}") = "SuperInjectorTests", "SuperInjectorTests\SuperInjectorTests.csproj", "{6ED7C5B1-ACC5-46DF-85CD-28109B3B1A7E}"
EndProject
Project("{9A19103F-16F7-4668-BE54-9A1E7A4F7556}") = "SuperInjectorTests.Model", "SuperInjectorTests.Model\SuperInjectorTests.Model.csproj", "{CFD04150-16CA-4333-AE16-ADC9DD5AB7A5}"
EndProject
Global
	GlobalSection(SolutionConfigurationPlatforms) = preSolution
		Debug|Any CPU = Debug|Any CPU
		Debug|x64 = Debug|x64
		Release|Any CPU = Release|Any CPU
		Release|x64 = Release|x64
	EndGlobalSection
	GlobalSection(ProjectConfigurationPlatforms) = postSolution
		{D3C79286-569B-4344-AD16-5D397F8DEC97}.Debug|Any CPU.ActiveCfg = Debug|Any CPU
		{D3C79286-569B-4344-AD16-5D397F8DEC97}.Debug|Any CPU.Build.0 = Debug|Any CPU
		{D3C79286-569B-4344-AD16-5D397F8DEC97}.Debug|x64.ActiveCfg = Debug|x64
		{D3C79286-569B-4344-AD16-5D397F8DEC97}.Debug|x64.Build.0 = Debug|x64
		{D3C79286-569B-4344-AD16-5D397F8DEC97}.Release|Any CPU.ActiveCfg = Release|Any CPU
		{D3C79286-569B-4344-AD16-5D397F8DEC97}.Release|Any CPU.Build.0 = Release|Any CPU
		{D3C79286-569B-4344-AD16-5D397F8DEC97}.Release|x64.ActiveCfg = Release|x64
		{D3C79286-569B-4344-AD16-5D397F8DEC97}.Release|x64.Build.0 = Release|x64
		{730F95F8-CEE3-413F-BFE2-46F156C3C279}.Debug|Any CPU.ActiveCfg = Debug|Any CPU
		{730F95F8-CEE3-413F-BFE2-46F156C3C279}.Debug|Any CPU.Build.0 = Debug|Any CPU
		{730F95F8-CEE3-413F-BFE2-46F156C3C279}.Debug|x64.ActiveCfg = Debug|x64
		{730F95F8-CEE3-413F-BFE2-46F156C3C279}.Debug|x64.Build.0 = Debug|x64
		{730F95F8-CEE3-413F-BFE2-46F156C3C279}.Release|Any CPU.ActiveCfg = Release|Any CPU
		{730F95F8-CEE3-413F-BFE2-46F156C3C279}.Release|Any CPU.Build.0 = Release|Any CPU
		{730F95F8-CEE3-413F-BFE2-46F156C3C279}.Release|x64.ActiveCfg = Release|x64
		{730F95F8-CEE3-413F-BFE2-46F156C3C279}.Release|x64.Build.0 = Release|x64
		{6ED7C5B1-ACC5-46DF-85CD-28109B3B1A7E}.Debug|Any CPU.ActiveCfg = Debug|Any CPU
		{6ED7C5B1-ACC5-46DF-85CD-28109B3B1A7E}.Debug|Any CPU.Build.0 = Debug|Any CPU
		{6ED7C5B1-ACC5-46DF-85CD-28109B3B1A7E}.Debug|x64.ActiveCfg = Debug|x64
		{6ED7C5B1-ACC5-46DF-85CD-28109B3B1A7E}.Debug|x64.Build.0 = Debug|x64
		{6ED7C5B1-ACC5-46DF-85CD-28109B3B1A7E}.Release|Any CPU.ActiveCfg = Release|Any CPU
		{6ED7C5B1-ACC5-46DF-85CD-28109B3B1A7E}.Release|Any CPU.Build.0 = Release|Any CPU
		{6ED7C5B1-ACC5-46DF-85CD-28109B3B1A7E}.Release|x64.ActiveCfg = Release|Any CPU
		{6ED7C5B1-ACC5-46DF-85CD-28109B3B1A7E}.Release|x64.Build.0 = Release|Any CPU
		{CFD04150-16CA-4333-AE16-ADC9DD5AB7A5}.Debug|Any CPU.ActiveCfg = Debug|Any CPU
		{CFD04150-16CA-4333-AE16-ADC9DD5AB7A5}.Debug|Any CPU.Build.0 = Debug|Any CPU
		{CFD04150-16CA-4333-AE16-ADC9DD5AB7A5}.Debug|x64.ActiveCfg = Debug|x64
		{CFD04150-16CA-4333-AE16-ADC9DD5AB7A5}.Debug|x64.Build.0 = Debug|x64
		{CFD04150-16CA-4333-AE16-ADC9DD5AB7A5}.Release|Any CPU.ActiveCfg = Release|Any CPU
		{CFD04150-16CA-4333-AE16-ADC9DD5AB7A5}.Release|Any CPU.Build.0 = Release|Any CPU
		{CFD04150-16CA-4333-AE16-ADC9DD5AB7A5}.Release|x64.ActiveCfg = Release|x64
		{CFD04150-16CA-4333-AE16-ADC9DD5AB7A5}.Release|x64.Build.0 = Release|x64
	EndGlobalSection
	GlobalSection(SolutionProperties) = preSolution
		HideSolutionNode = FALSE
	EndGlobalSection
	GlobalSection(ExtensibilityGlobals) = postSolution
		SolutionGuid = {5D8A72FB-A18B-4F10-9B0E-06843A1F08B3}
	EndGlobalSection
EndGlobal
